
Microsoft Visual Studio Solution File, Format Version 12.00
# Visual Studio Version 17
VisualStudioVersion = 17.3.32825.248
MinimumVisualStudioVersion = 10.0.40219.1
Project("{2150E333-8FDC-42A3-9474-1A3956D46DE8}") = "Frontend", "Frontend", "{96D6EB81-2145-45F0-998B-72C04A623519}"
EndProject
Project("{FAE04EC0-301F-11D3-BF4B-00C04F79EFBC}") = "Mango.Web", "Mango.Web\Mango.Web.csproj", "{54AAD85D-336B-4BF1-B67D-1D94C79B6D3E}"
EndProject
Project("{2150E333-8FDC-42A3-9474-1A3956D46DE8}") = "Services", "Services", "{AA2C2ED6-076D-444D-BB98-7719C76EDE93}"
EndProject
Project("{FAE04EC0-301F-11D3-BF4B-00C04F79EFBC}") = "Mango.Services.Product.API", "Mango.Services.Product.API\Mango.Services.Product.API.csproj", "{D6ABB942-E05B-48FA-8213-206EC57D99FE}"
EndProject
Global
	GlobalSection(SolutionConfigurationPlatforms) = preSolution
		Debug|Any CPU = Debug|Any CPU
		Release|Any CPU = Release|Any CPU
	EndGlobalSection
	GlobalSection(ProjectConfigurationPlatforms) = postSolution
		{54AAD85D-336B-4BF1-B67D-1D94C79B6D3E}.Debug|Any CPU.ActiveCfg = Debug|Any CPU
		{54AAD85D-336B-4BF1-B67D-1D94C79B6D3E}.Debug|Any CPU.Build.0 = Debug|Any CPU
		{54AAD85D-336B-4BF1-B67D-1D94C79B6D3E}.Release|Any CPU.ActiveCfg = Release|Any CPU
		{54AAD85D-336B-4BF1-B67D-1D94C79B6D3E}.Release|Any CPU.Build.0 = Release|Any CPU
		{D6ABB942-E05B-48FA-8213-206EC57D99FE}.Debug|Any CPU.ActiveCfg = Debug|Any CPU
		{D6ABB942-E05B-48FA-8213-206EC57D99FE}.Debug|Any CPU.Build.0 = Debug|Any CPU
		{D6ABB942-E05B-48FA-8213-206EC57D99FE}.Release|Any CPU.ActiveCfg = Release|Any CPU
		{D6ABB942-E05B-48FA-8213-206EC57D99FE}.Release|Any CPU.Build.0 = Release|Any CPU
	EndGlobalSection
	GlobalSection(SolutionProperties) = preSolution
		HideSolutionNode = FALSE
	EndGlobalSection
	GlobalSection(NestedProjects) = preSolution
		{54AAD85D-336B-4BF1-B67D-1D94C79B6D3E} = {96D6EB81-2145-45F0-998B-72C04A623519}
		{D6ABB942-E05B-48FA-8213-206EC57D99FE} = {AA2C2ED6-076D-444D-BB98-7719C76EDE93}
	EndGlobalSection
	GlobalSection(ExtensibilityGlobals) = postSolution
		SolutionGuid = {5D131143-5CC9-4114-B9DA-18B8021E1808}
	EndGlobalSection
EndGlobal
